// !$*UTF8*$!
{
	archiveVersion = 1;
	classes = {
	};
	objectVersion = 50;
	objects = {

/* Begin PBXBuildFile section */
		420C919C27AAD5170068A740 /* AppDelegate.swift in Sources */ = {isa = PBXBuildFile; fileRef = 420C919B27AAD5170068A740 /* AppDelegate.swift */; };
		420C919E27AAD5170068A740 /* SceneDelegate.swift in Sources */ = {isa = PBXBuildFile; fileRef = 420C919D27AAD5170068A740 /* SceneDelegate.swift */; };
		420C91A027AAD5170068A740 /* ViewController.swift in Sources */ = {isa = PBXBuildFile; fileRef = 420C919F27AAD5170068A740 /* ViewController.swift */; };
		420C91A327AAD5170068A740 /* Main.storyboard in Resources */ = {isa = PBXBuildFile; fileRef = 420C91A127AAD5170068A740 /* Main.storyboard */; };
		420C91A527AAD5240068A740 /* Assets.xcassets in Resources */ = {isa = PBXBuildFile; fileRef = 420C91A427AAD5240068A740 /* Assets.xcassets */; };
		420C91A827AAD5240068A740 /* LaunchScreen.storyboard in Resources */ = {isa = PBXBuildFile; fileRef = 420C91A627AAD5240068A740 /* LaunchScreen.storyboard */; };
		420C91B227AAD70D0068A740 /* SportCell.swift in Sources */ = {isa = PBXBuildFile; fileRef = 420C91B027AAD70D0068A740 /* SportCell.swift */; };
		420C91B627AAD7850068A740 /* SportsModel.swift in Sources */ = {isa = PBXBuildFile; fileRef = 420C91B527AAD7850068A740 /* SportsModel.swift */; };
		426005C127ABFED600B2D6A6 /* AddSportViewController.swift in Sources */ = {isa = PBXBuildFile; fileRef = 426005C027ABFED600B2D6A6 /* AddSportViewController.swift */; };
		426005C727AC085D00B2D6A6 /* HW2-3.swift in Sources */ = {isa = PBXBuildFile; fileRef = 426005C627AC085D00B2D6A6 /* HW2-3.swift */; };
		429FF28527AD3441002C1BE5 /* EulerHW.swift in Sources */ = {isa = PBXBuildFile; fileRef = 429FF28427AD3441002C1BE5 /* EulerHW.swift */; };
		429FF28827AD353B002C1BE5 /* NotificationListenerVC.swift in Sources */ = {isa = PBXBuildFile; fileRef = 429FF28727AD353B002C1BE5 /* NotificationListenerVC.swift */; };
		429FF28A27AD3555002C1BE5 /* NotificationSenderVC.swift in Sources */ = {isa = PBXBuildFile; fileRef = 429FF28927AD3555002C1BE5 /* NotificationSenderVC.swift */; };
		429FF28C27AD35CF002C1BE5 /* NotificationExtension.swift in Sources */ = {isa = PBXBuildFile; fileRef = 429FF28B27AD35CF002C1BE5 /* NotificationExtension.swift */; };
/* End PBXBuildFile section */

/* Begin PBXFileReference section */
		420C919827AAD5170068A740 /* Week-4.app */ = {isa = PBXFileReference; explicitFileType = wrapper.application; includeInIndex = 0; path = "Week-4.app"; sourceTree = BUILT_PRODUCTS_DIR; };
		420C919B27AAD5170068A740 /* AppDelegate.swift */ = {isa = PBXFileReference; lastKnownFileType = sourcecode.swift; path = AppDelegate.swift; sourceTree = "<group>"; };
		420C919D27AAD5170068A740 /* SceneDelegate.swift */ = {isa = PBXFileReference; lastKnownFileType = sourcecode.swift; path = SceneDelegate.swift; sourceTree = "<group>"; };
		420C919F27AAD5170068A740 /* ViewController.swift */ = {isa = PBXFileReference; lastKnownFileType = sourcecode.swift; path = ViewController.swift; sourceTree = "<group>"; };
		420C91A227AAD5170068A740 /* Base */ = {isa = PBXFileReference; lastKnownFileType = file.storyboard; name = Base; path = Base.lproj/Main.storyboard; sourceTree = "<group>"; };
		420C91A427AAD5240068A740 /* Assets.xcassets */ = {isa = PBXFileReference; lastKnownFileType = folder.assetcatalog; path = Assets.xcassets; sourceTree = "<group>"; };
		420C91A727AAD5240068A740 /* Base */ = {isa = PBXFileReference; lastKnownFileType = file.storyboard; name = Base; path = Base.lproj/LaunchScreen.storyboard; sourceTree = "<group>"; };
		420C91A927AAD5240068A740 /* Info.plist */ = {isa = PBXFileReference; lastKnownFileType = text.plist.xml; path = Info.plist; sourceTree = "<group>"; };
		420C91B027AAD70D0068A740 /* SportCell.swift */ = {isa = PBXFileReference; lastKnownFileType = sourcecode.swift; path = SportCell.swift; sourceTree = "<group>"; };
		420C91B527AAD7850068A740 /* SportsModel.swift */ = {isa = PBXFileReference; lastKnownFileType = sourcecode.swift; path = SportsModel.swift; sourceTree = "<group>"; };
		426005C027ABFED600B2D6A6 /* AddSportViewController.swift */ = {isa = PBXFileReference; lastKnownFileType = sourcecode.swift; path = AddSportViewController.swift; sourceTree = "<group>"; };
		426005C627AC085D00B2D6A6 /* HW2-3.swift */ = {isa = PBXFileReference; lastKnownFileType = sourcecode.swift; path = "HW2-3.swift"; sourceTree = "<group>"; };
		429FF28427AD3441002C1BE5 /* EulerHW.swift */ = {isa = PBXFileReference; lastKnownFileType = sourcecode.swift; path = EulerHW.swift; sourceTree = "<group>"; };
		429FF28727AD353B002C1BE5 /* NotificationListenerVC.swift */ = {isa = PBXFileReference; lastKnownFileType = sourcecode.swift; path = NotificationListenerVC.swift; sourceTree = "<group>"; };
		429FF28927AD3555002C1BE5 /* NotificationSenderVC.swift */ = {isa = PBXFileReference; lastKnownFileType = sourcecode.swift; path = NotificationSenderVC.swift; sourceTree = "<group>"; };
		429FF28B27AD35CF002C1BE5 /* NotificationExtension.swift */ = {isa = PBXFileReference; lastKnownFileType = sourcecode.swift; path = NotificationExtension.swift; sourceTree = "<group>"; };
/* End PBXFileReference section */

/* Begin PBXFrameworksBuildPhase section */
		420C919527AAD5170068A740 /* Frameworks */ = {
			isa = PBXFrameworksBuildPhase;
			buildActionMask = 2147483647;
			files = (
			);
			runOnlyForDeploymentPostprocessing = 0;
		};
/* End PBXFrameworksBuildPhase section */

/* Begin PBXGroup section */
		420C918F27AAD5170068A740 = {
			isa = PBXGroup;
			children = (
				420C919A27AAD5170068A740 /* Week-4 */,
				420C919927AAD5170068A740 /* Products */,
			);
			sourceTree = "<group>";
		};
		420C919927AAD5170068A740 /* Products */ = {
			isa = PBXGroup;
			children = (
				420C919827AAD5170068A740 /* Week-4.app */,
			);
			name = Products;
			sourceTree = "<group>";
		};
		420C919A27AAD5170068A740 /* Week-4 */ = {
			isa = PBXGroup;
			children = (
				429FF28227AD33EF002C1BE5 /* TableViewHW */,
				429FF28627AD347F002C1BE5 /* Not.CenterHW */,
				429FF28327AD3425002C1BE5 /* OtherHW */,
				420C919D27AAD5170068A740 /* SceneDelegate.swift */,
				420C919B27AAD5170068A740 /* AppDelegate.swift */,
				420C91A127AAD5170068A740 /* Main.storyboard */,
				420C91A627AAD5240068A740 /* LaunchScreen.storyboard */,
				420C91A427AAD5240068A740 /* Assets.xcassets */,
				420C91A927AAD5240068A740 /* Info.plist */,
			);
			path = "Week-4";
			sourceTree = "<group>";
		};
		429FF28227AD33EF002C1BE5 /* TableViewHW */ = {
			isa = PBXGroup;
			children = (
				420C91B527AAD7850068A740 /* SportsModel.swift */,
				420C91B027AAD70D0068A740 /* SportCell.swift */,
				420C919F27AAD5170068A740 /* ViewController.swift */,
				426005C027ABFED600B2D6A6 /* AddSportViewController.swift */,
			);
			path = TableViewHW;
			sourceTree = "<group>";
		};
		429FF28327AD3425002C1BE5 /* OtherHW */ = {
			isa = PBXGroup;
			children = (
				426005C627AC085D00B2D6A6 /* HW2-3.swift */,
				429FF28427AD3441002C1BE5 /* EulerHW.swift */,
			);
			path = OtherHW;
			sourceTree = "<group>";
		};
		429FF28627AD347F002C1BE5 /* Not.CenterHW */ = {
			isa = PBXGroup;
			children = (
				429FF28727AD353B002C1BE5 /* NotificationListenerVC.swift */,
				429FF28927AD3555002C1BE5 /* NotificationSenderVC.swift */,
				429FF28B27AD35CF002C1BE5 /* NotificationExtension.swift */,
			);
			path = Not.CenterHW;
			sourceTree = "<group>";
		};
/* End PBXGroup section */

/* Begin PBXNativeTarget section */
		420C919727AAD5170068A740 /* Week-4 */ = {
			isa = PBXNativeTarget;
			buildConfigurationList = 420C91AC27AAD5240068A740 /* Build configuration list for PBXNativeTarget "Week-4" */;
			buildPhases = (
				420C919427AAD5170068A740 /* Sources */,
				420C919527AAD5170068A740 /* Frameworks */,
				420C919627AAD5170068A740 /* Resources */,
			);
			buildRules = (
			);
			dependencies = (
			);
			name = "Week-4";
			productName = "Week-4";
			productReference = 420C919827AAD5170068A740 /* Week-4.app */;
			productType = "com.apple.product-type.application";
		};
/* End PBXNativeTarget section */

/* Begin PBXProject section */
		420C919027AAD5170068A740 /* Project object */ = {
			isa = PBXProject;
			attributes = {
				LastSwiftUpdateCheck = 1220;
				LastUpgradeCheck = 1220;
				TargetAttributes = {
					420C919727AAD5170068A740 = {
						CreatedOnToolsVersion = 12.2;
					};
				};
			};
			buildConfigurationList = 420C919327AAD5170068A740 /* Build configuration list for PBXProject "Week-4" */;
			compatibilityVersion = "Xcode 9.3";
			developmentRegion = en;
			hasScannedForEncodings = 0;
			knownRegions = (
				en,
				Base,
			);
			mainGroup = 420C918F27AAD5170068A740;
			productRefGroup = 420C919927AAD5170068A740 /* Products */;
			projectDirPath = "";
			projectRoot = "";
			targets = (
				420C919727AAD5170068A740 /* Week-4 */,
			);
		};
/* End PBXProject section */

/* Begin PBXResourcesBuildPhase section */
		420C919627AAD5170068A740 /* Resources */ = {
			isa = PBXResourcesBuildPhase;
			buildActionMask = 2147483647;
			files = (
				420C91A827AAD5240068A740 /* LaunchScreen.storyboard in Resources */,
				420C91A527AAD5240068A740 /* Assets.xcassets in Resources */,
				420C91A327AAD5170068A740 /* Main.storyboard in Resources */,
			);
			runOnlyForDeploymentPostprocessing = 0;
		};
/* End PBXResourcesBuildPhase section */

/* Begin PBXSourcesBuildPhase section */
		420C919427AAD5170068A740 /* Sources */ = {
			isa = PBXSourcesBuildPhase;
			buildActionMask = 2147483647;
			files = (
				429FF28A27AD3555002C1BE5 /* NotificationSenderVC.swift in Sources */,
				429FF28C27AD35CF002C1BE5 /* NotificationExtension.swift in Sources */,
				426005C727AC085D00B2D6A6 /* HW2-3.swift in Sources */,
				420C91B627AAD7850068A740 /* SportsModel.swift in Sources */,
				420C91A027AAD5170068A740 /* ViewController.swift in Sources */,
				429FF28827AD353B002C1BE5 /* NotificationListenerVC.swift in Sources */,
				420C91B227AAD70D0068A740 /* SportCell.swift in Sources */,
				429FF28527AD3441002C1BE5 /* EulerHW.swift in Sources */,
				420C919C27AAD5170068A740 /* AppDelegate.swift in Sources */,
				420C919E27AAD5170068A740 /* SceneDelegate.swift in Sources */,
				426005C127ABFED600B2D6A6 /* AddSportViewController.swift in Sources */,
			);
			runOnlyForDeploymentPostprocessing = 0;
		};
/* End PBXSourcesBuildPhase section */

/* Begin PBXVariantGroup section */
		420C91A127AAD5170068A740 /* Main.storyboard */ = {
			isa = PBXVariantGroup;
			children = (
				420C91A227AAD5170068A740 /* Base */,
			);
			name = Main.storyboard;
			sourceTree = "<group>";
		};
		420C91A627AAD5240068A740 /* LaunchScreen.storyboard */ = {
			isa = PBXVariantGroup;
			children = (
				420C91A727AAD5240068A740 /* Base */,
			);
			name = LaunchScreen.storyboard;
			sourceTree = "<group>";
		};
/* End PBXVariantGroup section */

/* Begin XCBuildConfiguration section */
		420C91AA27AAD5240068A740 /* Debug */ = {
			isa = XCBuildConfiguration;
			buildSettings = {
				ALWAYS_SEARCH_USER_PATHS = NO;
				CLANG_ANALYZER_NONNULL = YES;
				CLANG_ANALYZER_NUMBER_OBJECT_CONVERSION = YES_AGGRESSIVE;
				CLANG_CXX_LANGUAGE_STANDARD = "gnu++14";
				CLANG_CXX_LIBRARY = "libc++";
				CLANG_ENABLE_MODULES = YES;
				CLANG_ENABLE_OBJC_ARC = YES;
				CLANG_ENABLE_OBJC_WEAK = YES;
				CLANG_WARN_BLOCK_CAPTURE_AUTORELEASING = YES;
				CLANG_WARN_BOOL_CONVERSION = YES;
				CLANG_WARN_COMMA = YES;
				CLANG_WARN_CONSTANT_CONVERSION = YES;
				CLANG_WARN_DEPRECATED_OBJC_IMPLEMENTATIONS = YES;
				CLANG_WARN_DIRECT_OBJC_ISA_USAGE = YES_ERROR;
				CLANG_WARN_DOCUMENTATION_COMMENTS = YES;
				CLANG_WARN_EMPTY_BODY = YES;
				CLANG_WARN_ENUM_CONVERSION = YES;
				CLANG_WARN_INFINITE_RECURSION = YES;
				CLANG_WARN_INT_CONVERSION = YES;
				CLANG_WARN_NON_LITERAL_NULL_CONVERSION = YES;
				CLANG_WARN_OBJC_IMPLICIT_RETAIN_SELF = YES;
				CLANG_WARN_OBJC_LITERAL_CONVERSION = YES;
				CLANG_WARN_OBJC_ROOT_CLASS = YES_ERROR;
				CLANG_WARN_QUOTED_INCLUDE_IN_FRAMEWORK_HEADER = YES;
				CLANG_WARN_RANGE_LOOP_ANALYSIS = YES;
				CLANG_WARN_STRICT_PROTOTYPES = YES;
				CLANG_WARN_SUSPICIOUS_MOVE = YES;
				CLANG_WARN_UNGUARDED_AVAILABILITY = YES_AGGRESSIVE;
				CLANG_WARN_UNREACHABLE_CODE = YES;
				CLANG_WARN__DUPLICATE_METHOD_MATCH = YES;
				COPY_PHASE_STRIP = NO;
				DEBUG_INFORMATION_FORMAT = dwarf;
				ENABLE_STRICT_OBJC_MSGSEND = YES;
				ENABLE_TESTABILITY = YES;
				GCC_C_LANGUAGE_STANDARD = gnu11;
				GCC_DYNAMIC_NO_PIC = NO;
				GCC_NO_COMMON_BLOCKS = YES;
				GCC_OPTIMIZATION_LEVEL = 0;
				GCC_PREPROCESSOR_DEFINITIONS = (
					"DEBUG=1",
					"$(inherited)",
				);
				GCC_WARN_64_TO_32_BIT_CONVERSION = YES;
				GCC_WARN_ABOUT_RETURN_TYPE = YES_ERROR;
				GCC_WARN_UNDECLARED_SELECTOR = YES;
				GCC_WARN_UNINITIALIZED_AUTOS = YES_AGGRESSIVE;
				GCC_WARN_UNUSED_FUNCTION = YES;
				GCC_WARN_UNUSED_VARIABLE = YES;
				IPHONEOS_DEPLOYMENT_TARGET = 14.2;
				MTL_ENABLE_DEBUG_INFO = INCLUDE_SOURCE;
				MTL_FAST_MATH = YES;
				ONLY_ACTIVE_ARCH = YES;
				SDKROOT = iphoneos;
				SWIFT_ACTIVE_COMPILATION_CONDITIONS = DEBUG;
				SWIFT_OPTIMIZATION_LEVEL = "-Onone";
			};
			name = Debug;
		};
		420C91AB27AAD5240068A740 /* Release */ = {
			isa = XCBuildConfiguration;
			buildSettings = {
				ALWAYS_SEARCH_USER_PATHS = NO;
				CLANG_ANALYZER_NONNULL = YES;
				CLANG_ANALYZER_NUMBER_OBJECT_CONVERSION = YES_AGGRESSIVE;
				CLANG_CXX_LANGUAGE_STANDARD = "gnu++14";
				CLANG_CXX_LIBRARY = "libc++";
				CLANG_ENABLE_MODULES = YES;
				CLANG_ENABLE_OBJC_ARC = YES;
				CLANG_ENABLE_OBJC_WEAK = YES;
				CLANG_WARN_BLOCK_CAPTURE_AUTORELEASING = YES;
				CLANG_WARN_BOOL_CONVERSION = YES;
				CLANG_WARN_COMMA = YES;
				CLANG_WARN_CONSTANT_CONVERSION = YES;
				CLANG_WARN_DEPRECATED_OBJC_IMPLEMENTATIONS = YES;
				CLANG_WARN_DIRECT_OBJC_ISA_USAGE = YES_ERROR;
				CLANG_WARN_DOCUMENTATION_COMMENTS = YES;
				CLANG_WARN_EMPTY_BODY = YES;
				CLANG_WARN_ENUM_CONVERSION = YES;
				CLANG_WARN_INFINITE_RECURSION = YES;
				CLANG_WARN_INT_CONVERSION = YES;
				CLANG_WARN_NON_LITERAL_NULL_CONVERSION = YES;
				CLANG_WARN_OBJC_IMPLICIT_RETAIN_SELF = YES;
				CLANG_WARN_OBJC_LITERAL_CONVERSION = YES;
				CLANG_WARN_OBJC_ROOT_CLASS = YES_ERROR;
				CLANG_WARN_QUOTED_INCLUDE_IN_FRAMEWORK_HEADER = YES;
				CLANG_WARN_RANGE_LOOP_ANALYSIS = YES;
				CLANG_WARN_STRICT_PROTOTYPES = YES;
				CLANG_WARN_SUSPICIOUS_MOVE = YES;
				CLANG_WARN_UNGUARDED_AVAILABILITY = YES_AGGRESSIVE;
				CLANG_WARN_UNREACHABLE_CODE = YES;
				CLANG_WARN__DUPLICATE_METHOD_MATCH = YES;
				COPY_PHASE_STRIP = NO;
				DEBUG_INFORMATION_FORMAT = "dwarf-with-dsym";
				ENABLE_NS_ASSERTIONS = NO;
				ENABLE_STRICT_OBJC_MSGSEND = YES;
				GCC_C_LANGUAGE_STANDARD = gnu11;
				GCC_NO_COMMON_BLOCKS = YES;
				GCC_WARN_64_TO_32_BIT_CONVERSION = YES;
				GCC_WARN_ABOUT_RETURN_TYPE = YES_ERROR;
				GCC_WARN_UNDECLARED_SELECTOR = YES;
				GCC_WARN_UNINITIALIZED_AUTOS = YES_AGGRESSIVE;
				GCC_WARN_UNUSED_FUNCTION = YES;
				GCC_WARN_UNUSED_VARIABLE = YES;
				IPHONEOS_DEPLOYMENT_TARGET = 14.2;
				MTL_ENABLE_DEBUG_INFO = NO;
				MTL_FAST_MATH = YES;
				SDKROOT = iphoneos;
				SWIFT_COMPILATION_MODE = wholemodule;
				SWIFT_OPTIMIZATION_LEVEL = "-O";
				VALIDATE_PRODUCT = YES;
			};
			name = Release;
		};
		420C91AD27AAD5240068A740 /* Debug */ = {
			isa = XCBuildConfiguration;
			buildSettings = {
				ASSETCATALOG_COMPILER_APPICON_NAME = AppIcon;
				ASSETCATALOG_COMPILER_GLOBAL_ACCENT_COLOR_NAME = AccentColor;
				CODE_SIGN_STYLE = Automatic;
				DEVELOPMENT_TEAM = SDQUVG68VJ;
				INFOPLIST_FILE = "Week-4/Info.plist";
				LD_RUNPATH_SEARCH_PATHS = (
					"$(inherited)",
					"@executable_path/Frameworks",
				);
				PRODUCT_BUNDLE_IDENTIFIER = "com.burakozay.Week-4";
				PRODUCT_NAME = "$(TARGET_NAME)";
				SWIFT_VERSION = 5.0;
				TARGETED_DEVICE_FAMILY = "1,2";
			};
			name = Debug;
		};
		420C91AE27AAD5240068A740 /* Release */ = {
			isa = XCBuildConfiguration;
			buildSettings = {
				ASSETCATALOG_COMPILER_APPICON_NAME = AppIcon;
				ASSETCATALOG_COMPILER_GLOBAL_ACCENT_COLOR_NAME = AccentColor;
				CODE_SIGN_STYLE = Automatic;
				DEVELOPMENT_TEAM = SDQUVG68VJ;
				INFOPLIST_FILE = "Week-4/Info.plist";
				LD_RUNPATH_SEARCH_PATHS = (
					"$(inherited)",
					"@executable_path/Frameworks",
				);
				PRODUCT_BUNDLE_IDENTIFIER = "com.burakozay.Week-4";
				PRODUCT_NAME = "$(TARGET_NAME)";
				SWIFT_VERSION = 5.0;
				TARGETED_DEVICE_FAMILY = "1,2";
			};
			name = Release;
		};
/* End XCBuildConfiguration section */

/* Begin XCConfigurationList section */
		420C919327AAD5170068A740 /* Build configuration list for PBXProject "Week-4" */ = {
			isa = XCConfigurationList;
			buildConfigurations = (
				420C91AA27AAD5240068A740 /* Debug */,
				420C91AB27AAD5240068A740 /* Release */,
			);
			defaultConfigurationIsVisible = 0;
			defaultConfigurationName = Release;
		};
		420C91AC27AAD5240068A740 /* Build configuration list for PBXNativeTarget "Week-4" */ = {
			isa = XCConfigurationList;
			buildConfigurations = (
				420C91AD27AAD5240068A740 /* Debug */,
				420C91AE27AAD5240068A740 /* Release */,
			);
			defaultConfigurationIsVisible = 0;
			defaultConfigurationName = Release;
		};
/* End XCConfigurationList section */
	};
	rootObject = 420C919027AAD5170068A740 /* Project object */;
}
